// !$*UTF8*$!
{
	archiveVersion = 1;
	classes = {
	};
	objectVersion = 56;
	objects = {

/* Begin PBXBuildFile section */
		7C9D088E28D44C6500B6B584 /* AppDelegate.swift in Sources */ = {isa = PBXBuildFile; fileRef = 7C9D088D28D44C6500B6B584 /* AppDelegate.swift */; };
		7C9D089028D44C6500B6B584 /* GameScene.sks in Resources */ = {isa = PBXBuildFile; fileRef = 7C9D088F28D44C6500B6B584 /* GameScene.sks */; };
		7C9D089428D44C6500B6B584 /* GameScene.swift in Sources */ = {isa = PBXBuildFile; fileRef = 7C9D089328D44C6500B6B584 /* GameScene.swift */; };
		7C9D089628D44C6500B6B584 /* GameViewController.swift in Sources */ = {isa = PBXBuildFile; fileRef = 7C9D089528D44C6500B6B584 /* GameViewController.swift */; };
		7C9D089928D44C6500B6B584 /* Main.storyboard in Resources */ = {isa = PBXBuildFile; fileRef = 7C9D089728D44C6500B6B584 /* Main.storyboard */; };
		7C9D089B28D44C6600B6B584 /* Assets.xcassets in Resources */ = {isa = PBXBuildFile; fileRef = 7C9D089A28D44C6600B6B584 /* Assets.xcassets */; };
		7C9D089E28D44C6600B6B584 /* LaunchScreen.storyboard in Resources */ = {isa = PBXBuildFile; fileRef = 7C9D089C28D44C6600B6B584 /* LaunchScreen.storyboard */; };
		7C9D08B628D44D0900B6B584 /* sliceFuse.sks in Resources */ = {isa = PBXBuildFile; fileRef = 7C9D08A528D44D0900B6B584 /* sliceFuse.sks */; };
		7C9D08B728D44D0900B6B584 /* sliceLife@2x.png in Resources */ = {isa = PBXBuildFile; fileRef = 7C9D08A628D44D0900B6B584 /* sliceLife@2x.png */; };
		7C9D08B828D44D0900B6B584 /* sliceBomb@2x.png in Resources */ = {isa = PBXBuildFile; fileRef = 7C9D08A728D44D0900B6B584 /* sliceBomb@2x.png */; };
		7C9D08B928D44D0900B6B584 /* sliceLifeGone@2x.png in Resources */ = {isa = PBXBuildFile; fileRef = 7C9D08A828D44D0900B6B584 /* sliceLifeGone@2x.png */; };
		7C9D08BA28D44D0900B6B584 /* spark.png in Resources */ = {isa = PBXBuildFile; fileRef = 7C9D08A928D44D0900B6B584 /* spark.png */; };
		7C9D08BB28D44D0900B6B584 /* wrong.caf in Resources */ = {isa = PBXBuildFile; fileRef = 7C9D08AA28D44D0900B6B584 /* wrong.caf */; };
		7C9D08BC28D44D0900B6B584 /* whack.caf in Resources */ = {isa = PBXBuildFile; fileRef = 7C9D08AB28D44D0900B6B584 /* whack.caf */; };
		7C9D08BD28D44D0900B6B584 /* launch.caf in Resources */ = {isa = PBXBuildFile; fileRef = 7C9D08AC28D44D0900B6B584 /* launch.caf */; };
		7C9D08BE28D44D0900B6B584 /* explosion.caf in Resources */ = {isa = PBXBuildFile; fileRef = 7C9D08AD28D44D0900B6B584 /* explosion.caf */; };
		7C9D08BF28D44D0900B6B584 /* sliceBackground@2x.png in Resources */ = {isa = PBXBuildFile; fileRef = 7C9D08AE28D44D0900B6B584 /* sliceBackground@2x.png */; };
		7C9D08C028D44D0900B6B584 /* sliceHitEnemy.sks in Resources */ = {isa = PBXBuildFile; fileRef = 7C9D08AF28D44D0900B6B584 /* sliceHitEnemy.sks */; };
		7C9D08C128D44D0900B6B584 /* sliceBombFuse.caf in Resources */ = {isa = PBXBuildFile; fileRef = 7C9D08B028D44D0900B6B584 /* sliceBombFuse.caf */; };
		7C9D08C228D44D0900B6B584 /* sliceHitBomb.sks in Resources */ = {isa = PBXBuildFile; fileRef = 7C9D08B128D44D0900B6B584 /* sliceHitBomb.sks */; };
		7C9D08C328D44D0900B6B584 /* penguin@2x.png in Resources */ = {isa = PBXBuildFile; fileRef = 7C9D08B228D44D0900B6B584 /* penguin@2x.png */; };
		7C9D08C428D44D0900B6B584 /* swoosh3.caf in Resources */ = {isa = PBXBuildFile; fileRef = 7C9D08B328D44D0900B6B584 /* swoosh3.caf */; };
		7C9D08C528D44D0900B6B584 /* swoosh2.caf in Resources */ = {isa = PBXBuildFile; fileRef = 7C9D08B428D44D0900B6B584 /* swoosh2.caf */; };
		7C9D08C628D44D0900B6B584 /* swoosh1.caf in Resources */ = {isa = PBXBuildFile; fileRef = 7C9D08B528D44D0900B6B584 /* swoosh1.caf */; };
/* End PBXBuildFile section */

/* Begin PBXFileReference section */
		7C9D088A28D44C6500B6B584 /* Project23.app */ = {isa = PBXFileReference; explicitFileType = wrapper.application; includeInIndex = 0; path = Project23.app; sourceTree = BUILT_PRODUCTS_DIR; };
		7C9D088D28D44C6500B6B584 /* AppDelegate.swift */ = {isa = PBXFileReference; lastKnownFileType = sourcecode.swift; path = AppDelegate.swift; sourceTree = "<group>"; };
		7C9D088F28D44C6500B6B584 /* GameScene.sks */ = {isa = PBXFileReference; lastKnownFileType = file.sks; path = GameScene.sks; sourceTree = "<group>"; };
		7C9D089328D44C6500B6B584 /* GameScene.swift */ = {isa = PBXFileReference; lastKnownFileType = sourcecode.swift; path = GameScene.swift; sourceTree = "<group>"; };
		7C9D089528D44C6500B6B584 /* GameViewController.swift */ = {isa = PBXFileReference; lastKnownFileType = sourcecode.swift; path = GameViewController.swift; sourceTree = "<group>"; };
		7C9D089828D44C6500B6B584 /* Base */ = {isa = PBXFileReference; lastKnownFileType = file.storyboard; name = Base; path = Base.lproj/Main.storyboard; sourceTree = "<group>"; };
		7C9D089A28D44C6600B6B584 /* Assets.xcassets */ = {isa = PBXFileReference; lastKnownFileType = folder.assetcatalog; path = Assets.xcassets; sourceTree = "<group>"; };
		7C9D089D28D44C6600B6B584 /* Base */ = {isa = PBXFileReference; lastKnownFileType = file.storyboard; name = Base; path = Base.lproj/LaunchScreen.storyboard; sourceTree = "<group>"; };
		7C9D08A528D44D0900B6B584 /* sliceFuse.sks */ = {isa = PBXFileReference; lastKnownFileType = file.sks; path = sliceFuse.sks; sourceTree = "<group>"; };
		7C9D08A628D44D0900B6B584 /* sliceLife@2x.png */ = {isa = PBXFileReference; lastKnownFileType = image.png; path = "sliceLife@2x.png"; sourceTree = "<group>"; };
		7C9D08A728D44D0900B6B584 /* sliceBomb@2x.png */ = {isa = PBXFileReference; lastKnownFileType = image.png; path = "sliceBomb@2x.png"; sourceTree = "<group>"; };
		7C9D08A828D44D0900B6B584 /* sliceLifeGone@2x.png */ = {isa = PBXFileReference; lastKnownFileType = image.png; path = "sliceLifeGone@2x.png"; sourceTree = "<group>"; };
		7C9D08A928D44D0900B6B584 /* spark.png */ = {isa = PBXFileReference; lastKnownFileType = image.png; path = spark.png; sourceTree = "<group>"; };
		7C9D08AA28D44D0900B6B584 /* wrong.caf */ = {isa = PBXFileReference; lastKnownFileType = file; path = wrong.caf; sourceTree = "<group>"; };
		7C9D08AB28D44D0900B6B584 /* whack.caf */ = {isa = PBXFileReference; lastKnownFileType = file; path = whack.caf; sourceTree = "<group>"; };
		7C9D08AC28D44D0900B6B584 /* launch.caf */ = {isa = PBXFileReference; lastKnownFileType = file; path = launch.caf; sourceTree = "<group>"; };
		7C9D08AD28D44D0900B6B584 /* explosion.caf */ = {isa = PBXFileReference; lastKnownFileType = file; path = explosion.caf; sourceTree = "<group>"; };
		7C9D08AE28D44D0900B6B584 /* sliceBackground@2x.png */ = {isa = PBXFileReference; lastKnownFileType = image.png; path = "sliceBackground@2x.png"; sourceTree = "<group>"; };
		7C9D08AF28D44D0900B6B584 /* sliceHitEnemy.sks */ = {isa = PBXFileReference; lastKnownFileType = file.sks; path = sliceHitEnemy.sks; sourceTree = "<group>"; };
		7C9D08B028D44D0900B6B584 /* sliceBombFuse.caf */ = {isa = PBXFileReference; lastKnownFileType = file; path = sliceBombFuse.caf; sourceTree = "<group>"; };
		7C9D08B128D44D0900B6B584 /* sliceHitBomb.sks */ = {isa = PBXFileReference; lastKnownFileType = file.sks; path = sliceHitBomb.sks; sourceTree = "<group>"; };
		7C9D08B228D44D0900B6B584 /* penguin@2x.png */ = {isa = PBXFileReference; lastKnownFileType = image.png; path = "penguin@2x.png"; sourceTree = "<group>"; };
		7C9D08B328D44D0900B6B584 /* swoosh3.caf */ = {isa = PBXFileReference; lastKnownFileType = file; path = swoosh3.caf; sourceTree = "<group>"; };
		7C9D08B428D44D0900B6B584 /* swoosh2.caf */ = {isa = PBXFileReference; lastKnownFileType = file; path = swoosh2.caf; sourceTree = "<group>"; };
		7C9D08B528D44D0900B6B584 /* swoosh1.caf */ = {isa = PBXFileReference; lastKnownFileType = file; path = swoosh1.caf; sourceTree = "<group>"; };
/* End PBXFileReference section */

/* Begin PBXFrameworksBuildPhase section */
		7C9D088728D44C6500B6B584 /* Frameworks */ = {
			isa = PBXFrameworksBuildPhase;
			buildActionMask = 2147483647;
			files = (
			);
			runOnlyForDeploymentPostprocessing = 0;
		};
/* End PBXFrameworksBuildPhase section */

/* Begin PBXGroup section */
		7C9D088128D44C6500B6B584 = {
			isa = PBXGroup;
			children = (
				7C9D088C28D44C6500B6B584 /* Project23 */,
				7C9D088B28D44C6500B6B584 /* Products */,
			);
			sourceTree = "<group>";
		};
		7C9D088B28D44C6500B6B584 /* Products */ = {
			isa = PBXGroup;
			children = (
				7C9D088A28D44C6500B6B584 /* Project23.app */,
			);
			name = Products;
			sourceTree = "<group>";
		};
		7C9D088C28D44C6500B6B584 /* Project23 */ = {
			isa = PBXGroup;
			children = (
				7C9D088D28D44C6500B6B584 /* AppDelegate.swift */,
				7C9D088F28D44C6500B6B584 /* GameScene.sks */,
				7C9D089328D44C6500B6B584 /* GameScene.swift */,
				7C9D089528D44C6500B6B584 /* GameViewController.swift */,
				7C9D089728D44C6500B6B584 /* Main.storyboard */,
				7C9D089A28D44C6600B6B584 /* Assets.xcassets */,
				7C9D089C28D44C6600B6B584 /* LaunchScreen.storyboard */,
				7C9D08A428D44D0900B6B584 /* Content */,
			);
			path = Project23;
			sourceTree = "<group>";
		};
		7C9D08A428D44D0900B6B584 /* Content */ = {
			isa = PBXGroup;
			children = (
				7C9D08A528D44D0900B6B584 /* sliceFuse.sks */,
				7C9D08A628D44D0900B6B584 /* sliceLife@2x.png */,
				7C9D08A728D44D0900B6B584 /* sliceBomb@2x.png */,
				7C9D08A828D44D0900B6B584 /* sliceLifeGone@2x.png */,
				7C9D08A928D44D0900B6B584 /* spark.png */,
				7C9D08AA28D44D0900B6B584 /* wrong.caf */,
				7C9D08AB28D44D0900B6B584 /* whack.caf */,
				7C9D08AC28D44D0900B6B584 /* launch.caf */,
				7C9D08AD28D44D0900B6B584 /* explosion.caf */,
				7C9D08AE28D44D0900B6B584 /* sliceBackground@2x.png */,
				7C9D08AF28D44D0900B6B584 /* sliceHitEnemy.sks */,
				7C9D08B028D44D0900B6B584 /* sliceBombFuse.caf */,
				7C9D08B128D44D0900B6B584 /* sliceHitBomb.sks */,
				7C9D08B228D44D0900B6B584 /* penguin@2x.png */,
				7C9D08B328D44D0900B6B584 /* swoosh3.caf */,
				7C9D08B428D44D0900B6B584 /* swoosh2.caf */,
				7C9D08B528D44D0900B6B584 /* swoosh1.caf */,
			);
			path = Content;
			sourceTree = "<group>";
		};
/* End PBXGroup section */

/* Begin PBXNativeTarget section */
		7C9D088928D44C6500B6B584 /* Project23 */ = {
			isa = PBXNativeTarget;
			buildConfigurationList = 7C9D08A128D44C6600B6B584 /* Build configuration list for PBXNativeTarget "Project23" */;
			buildPhases = (
				7C9D088628D44C6500B6B584 /* Sources */,
				7C9D088728D44C6500B6B584 /* Frameworks */,
				7C9D088828D44C6500B6B584 /* Resources */,
			);
			buildRules = (
			);
			dependencies = (
			);
			name = Project23;
			productName = Project23;
			productReference = 7C9D088A28D44C6500B6B584 /* Project23.app */;
			productType = "com.apple.product-type.application";
		};
/* End PBXNativeTarget section */

/* Begin PBXProject section */
		7C9D088228D44C6500B6B584 /* Project object */ = {
			isa = PBXProject;
			attributes = {
				BuildIndependentTargetsInParallel = 1;
				LastSwiftUpdateCheck = 1400;
				LastUpgradeCheck = 1400;
				TargetAttributes = {
					7C9D088928D44C6500B6B584 = {
						CreatedOnToolsVersion = 14.0;
					};
				};
			};
			buildConfigurationList = 7C9D088528D44C6500B6B584 /* Build configuration list for PBXProject "Project23" */;
			compatibilityVersion = "Xcode 14.0";
			developmentRegion = en;
			hasScannedForEncodings = 0;
			knownRegions = (
				en,
				Base,
			);
			mainGroup = 7C9D088128D44C6500B6B584;
			productRefGroup = 7C9D088B28D44C6500B6B584 /* Products */;
			projectDirPath = "";
			projectRoot = "";
			targets = (
				7C9D088928D44C6500B6B584 /* Project23 */,
			);
		};
/* End PBXProject section */

/* Begin PBXResourcesBuildPhase section */
		7C9D088828D44C6500B6B584 /* Resources */ = {
			isa = PBXResourcesBuildPhase;
			buildActionMask = 2147483647;
			files = (
				7C9D08C528D44D0900B6B584 /* swoosh2.caf in Resources */,
				7C9D089928D44C6500B6B584 /* Main.storyboard in Resources */,
				7C9D08C328D44D0900B6B584 /* penguin@2x.png in Resources */,
				7C9D08BD28D44D0900B6B584 /* launch.caf in Resources */,
				7C9D08C428D44D0900B6B584 /* swoosh3.caf in Resources */,
				7C9D08BA28D44D0900B6B584 /* spark.png in Resources */,
				7C9D08B728D44D0900B6B584 /* sliceLife@2x.png in Resources */,
				7C9D08BE28D44D0900B6B584 /* explosion.caf in Resources */,
				7C9D08B928D44D0900B6B584 /* sliceLifeGone@2x.png in Resources */,
				7C9D089028D44C6500B6B584 /* GameScene.sks in Resources */,
				7C9D08B828D44D0900B6B584 /* sliceBomb@2x.png in Resources */,
				7C9D08B628D44D0900B6B584 /* sliceFuse.sks in Resources */,
				7C9D08BF28D44D0900B6B584 /* sliceBackground@2x.png in Resources */,
				7C9D089B28D44C6600B6B584 /* Assets.xcassets in Resources */,
				7C9D08C628D44D0900B6B584 /* swoosh1.caf in Resources */,
				7C9D08BC28D44D0900B6B584 /* whack.caf in Resources */,
				7C9D08C128D44D0900B6B584 /* sliceBombFuse.caf in Resources */,
				7C9D08C028D44D0900B6B584 /* sliceHitEnemy.sks in Resources */,
				7C9D08BB28D44D0900B6B584 /* wrong.caf in Resources */,
				7C9D089E28D44C6600B6B584 /* LaunchScreen.storyboard in Resources */,
				7C9D08C228D44D0900B6B584 /* sliceHitBomb.sks in Resources */,
			);
			runOnlyForDeploymentPostprocessing = 0;
		};
/* End PBXResourcesBuildPhase section */

/* Begin PBXSourcesBuildPhase section */
		7C9D088628D44C6500B6B584 /* Sources */ = {
			isa = PBXSourcesBuildPhase;
			buildActionMask = 2147483647;
			files = (
				7C9D089428D44C6500B6B584 /* GameScene.swift in Sources */,
				7C9D089628D44C6500B6B584 /* GameViewController.swift in Sources */,
				7C9D088E28D44C6500B6B584 /* AppDelegate.swift in Sources */,
			);
			runOnlyForDeploymentPostprocessing = 0;
		};
/* End PBXSourcesBuildPhase section */

/* Begin PBXVariantGroup section */
		7C9D089728D44C6500B6B584 /* Main.storyboard */ = {
			isa = PBXVariantGroup;
			children = (
				7C9D089828D44C6500B6B584 /* Base */,
			);
			name = Main.storyboard;
			sourceTree = "<group>";
		};
		7C9D089C28D44C6600B6B584 /* LaunchScreen.storyboard */ = {
			isa = PBXVariantGroup;
			children = (
				7C9D089D28D44C6600B6B584 /* Base */,
			);
			name = LaunchScreen.storyboard;
			sourceTree = "<group>";
		};
/* End PBXVariantGroup section */

/* Begin XCBuildConfiguration section */
		7C9D089F28D44C6600B6B584 /* Debug */ = {
			isa = XCBuildConfiguration;
			buildSettings = {
				ALWAYS_SEARCH_USER_PATHS = NO;
				CLANG_ANALYZER_NONNULL = YES;
				CLANG_ANALYZER_NUMBER_OBJECT_CONVERSION = YES_AGGRESSIVE;
				CLANG_CXX_LANGUAGE_STANDARD = "gnu++20";
				CLANG_ENABLE_MODULES = YES;
				CLANG_ENABLE_OBJC_ARC = YES;
				CLANG_ENABLE_OBJC_WEAK = YES;
				CLANG_WARN_BLOCK_CAPTURE_AUTORELEASING = YES;
				CLANG_WARN_BOOL_CONVERSION = YES;
				CLANG_WARN_COMMA = YES;
				CLANG_WARN_CONSTANT_CONVERSION = YES;
				CLANG_WARN_DEPRECATED_OBJC_IMPLEMENTATIONS = YES;
				CLANG_WARN_DIRECT_OBJC_ISA_USAGE = YES_ERROR;
				CLANG_WARN_DOCUMENTATION_COMMENTS = YES;
				CLANG_WARN_EMPTY_BODY = YES;
				CLANG_WARN_ENUM_CONVERSION = YES;
				CLANG_WARN_INFINITE_RECURSION = YES;
				CLANG_WARN_INT_CONVERSION = YES;
				CLANG_WARN_NON_LITERAL_NULL_CONVERSION = YES;
				CLANG_WARN_OBJC_IMPLICIT_RETAIN_SELF = YES;
				CLANG_WARN_OBJC_LITERAL_CONVERSION = YES;
				CLANG_WARN_OBJC_ROOT_CLASS = YES_ERROR;
				CLANG_WARN_QUOTED_INCLUDE_IN_FRAMEWORK_HEADER = YES;
				CLANG_WARN_RANGE_LOOP_ANALYSIS = YES;
				CLANG_WARN_STRICT_PROTOTYPES = YES;
				CLANG_WARN_SUSPICIOUS_MOVE = YES;
				CLANG_WARN_UNGUARDED_AVAILABILITY = YES_AGGRESSIVE;
				CLANG_WARN_UNREACHABLE_CODE = YES;
				CLANG_WARN__DUPLICATE_METHOD_MATCH = YES;
				COPY_PHASE_STRIP = NO;
				DEBUG_INFORMATION_FORMAT = dwarf;
				ENABLE_STRICT_OBJC_MSGSEND = YES;
				ENABLE_TESTABILITY = YES;
				GCC_C_LANGUAGE_STANDARD = gnu11;
				GCC_DYNAMIC_NO_PIC = NO;
				GCC_NO_COMMON_BLOCKS = YES;
				GCC_OPTIMIZATION_LEVEL = 0;
				GCC_PREPROCESSOR_DEFINITIONS = (
					"DEBUG=1",
					"$(inherited)",
				);
				GCC_WARN_64_TO_32_BIT_CONVERSION = YES;
				GCC_WARN_ABOUT_RETURN_TYPE = YES_ERROR;
				GCC_WARN_UNDECLARED_SELECTOR = YES;
				GCC_WARN_UNINITIALIZED_AUTOS = YES_AGGRESSIVE;
				GCC_WARN_UNUSED_FUNCTION = YES;
				GCC_WARN_UNUSED_VARIABLE = YES;
				IPHONEOS_DEPLOYMENT_TARGET = 16.0;
				MTL_ENABLE_DEBUG_INFO = INCLUDE_SOURCE;
				MTL_FAST_MATH = YES;
				ONLY_ACTIVE_ARCH = YES;
				SDKROOT = iphoneos;
				SWIFT_ACTIVE_COMPILATION_CONDITIONS = DEBUG;
				SWIFT_OPTIMIZATION_LEVEL = "-Onone";
			};
			name = Debug;
		};
		7C9D08A028D44C6600B6B584 /* Release */ = {
			isa = XCBuildConfiguration;
			buildSettings = {
				ALWAYS_SEARCH_USER_PATHS = NO;
				CLANG_ANALYZER_NONNULL = YES;
				CLANG_ANALYZER_NUMBER_OBJECT_CONVERSION = YES_AGGRESSIVE;
				CLANG_CXX_LANGUAGE_STANDARD = "gnu++20";
				CLANG_ENABLE_MODULES = YES;
				CLANG_ENABLE_OBJC_ARC = YES;
				CLANG_ENABLE_OBJC_WEAK = YES;
				CLANG_WARN_BLOCK_CAPTURE_AUTORELEASING = YES;
				CLANG_WARN_BOOL_CONVERSION = YES;
				CLANG_WARN_COMMA = YES;
				CLANG_WARN_CONSTANT_CONVERSION = YES;
				CLANG_WARN_DEPRECATED_OBJC_IMPLEMENTATIONS = YES;
				CLANG_WARN_DIRECT_OBJC_ISA_USAGE = YES_ERROR;
				CLANG_WARN_DOCUMENTATION_COMMENTS = YES;
				CLANG_WARN_EMPTY_BODY = YES;
				CLANG_WARN_ENUM_CONVERSION = YES;
				CLANG_WARN_INFINITE_RECURSION = YES;
				CLANG_WARN_INT_CONVERSION = YES;
				CLANG_WARN_NON_LITERAL_NULL_CONVERSION = YES;
				CLANG_WARN_OBJC_IMPLICIT_RETAIN_SELF = YES;
				CLANG_WARN_OBJC_LITERAL_CONVERSION = YES;
				CLANG_WARN_OBJC_ROOT_CLASS = YES_ERROR;
				CLANG_WARN_QUOTED_INCLUDE_IN_FRAMEWORK_HEADER = YES;
				CLANG_WARN_RANGE_LOOP_ANALYSIS = YES;
				CLANG_WARN_STRICT_PROTOTYPES = YES;
				CLANG_WARN_SUSPICIOUS_MOVE = YES;
				CLANG_WARN_UNGUARDED_AVAILABILITY = YES_AGGRESSIVE;
				CLANG_WARN_UNREACHABLE_CODE = YES;
				CLANG_WARN__DUPLICATE_METHOD_MATCH = YES;
				COPY_PHASE_STRIP = NO;
				DEBUG_INFORMATION_FORMAT = "dwarf-with-dsym";
				ENABLE_NS_ASSERTIONS = NO;
				ENABLE_STRICT_OBJC_MSGSEND = YES;
				GCC_C_LANGUAGE_STANDARD = gnu11;
				GCC_NO_COMMON_BLOCKS = YES;
				GCC_WARN_64_TO_32_BIT_CONVERSION = YES;
				GCC_WARN_ABOUT_RETURN_TYPE = YES_ERROR;
				GCC_WARN_UNDECLARED_SELECTOR = YES;
				GCC_WARN_UNINITIALIZED_AUTOS = YES_AGGRESSIVE;
				GCC_WARN_UNUSED_FUNCTION = YES;
				GCC_WARN_UNUSED_VARIABLE = YES;
				IPHONEOS_DEPLOYMENT_TARGET = 16.0;
				MTL_ENABLE_DEBUG_INFO = NO;
				MTL_FAST_MATH = YES;
				SDKROOT = iphoneos;
				SWIFT_COMPILATION_MODE = wholemodule;
				SWIFT_OPTIMIZATION_LEVEL = "-O";
				VALIDATE_PRODUCT = YES;
			};
			name = Release;
		};
		7C9D08A228D44C6600B6B584 /* Debug */ = {
			isa = XCBuildConfiguration;
			buildSettings = {
				ASSETCATALOG_COMPILER_APPICON_NAME = AppIcon;
				ASSETCATALOG_COMPILER_GLOBAL_ACCENT_COLOR_NAME = AccentColor;
				CODE_SIGN_STYLE = Automatic;
				CURRENT_PROJECT_VERSION = 1;
				DEVELOPMENT_TEAM = D4B3C68C2Q;
				GENERATE_INFOPLIST_FILE = YES;
				INFOPLIST_KEY_UIApplicationSupportsIndirectInputEvents = YES;
				INFOPLIST_KEY_UILaunchStoryboardName = LaunchScreen;
				INFOPLIST_KEY_UIMainStoryboardFile = Main;
				INFOPLIST_KEY_UIRequiresFullScreen = YES;
				INFOPLIST_KEY_UIStatusBarHidden = YES;
				INFOPLIST_KEY_UISupportedInterfaceOrientations = "UIInterfaceOrientationLandscapeLeft UIInterfaceOrientationLandscapeRight UIInterfaceOrientationPortrait";
				INFOPLIST_KEY_UISupportedInterfaceOrientations_iPad = "UIInterfaceOrientationLandscapeLeft UIInterfaceOrientationLandscapeRight";
				LD_RUNPATH_SEARCH_PATHS = (
					"$(inherited)",
					"@executable_path/Frameworks",
				);
				MARKETING_VERSION = 1.0;
				PRODUCT_BUNDLE_IDENTIFIER = com.kappanjoe.Project23;
				PRODUCT_NAME = "$(TARGET_NAME)";
				SUPPORTED_PLATFORMS = "iphoneos iphonesimulator";
				SUPPORTS_MACCATALYST = NO;
				SUPPORTS_MAC_DESIGNED_FOR_IPHONE_IPAD = NO;
				SWIFT_EMIT_LOC_STRINGS = YES;
				SWIFT_VERSION = 5.0;
				TARGETED_DEVICE_FAMILY = 2;
			};
			name = Debug;
		};
		7C9D08A328D44C6600B6B584 /* Release */ = {
			isa = XCBuildConfiguration;
			buildSettings = {
				ASSETCATALOG_COMPILER_APPICON_NAME = AppIcon;
				ASSETCATALOG_COMPILER_GLOBAL_ACCENT_COLOR_NAME = AccentColor;
				CODE_SIGN_STYLE = Automatic;
				CURRENT_PROJECT_VERSION = 1;
				DEVELOPMENT_TEAM = D4B3C68C2Q;
				GENERATE_INFOPLIST_FILE = YES;
				INFOPLIST_KEY_UIApplicationSupportsIndirectInputEvents = YES;
				INFOPLIST_KEY_UILaunchStoryboardName = LaunchScreen;
				INFOPLIST_KEY_UIMainStoryboardFile = Main;
				INFOPLIST_KEY_UIRequiresFullScreen = YES;
				INFOPLIST_KEY_UIStatusBarHidden = YES;
				INFOPLIST_KEY_UISupportedInterfaceOrientations = "UIInterfaceOrientationLandscapeLeft UIInterfaceOrientationLandscapeRight UIInterfaceOrientationPortrait";
				INFOPLIST_KEY_UISupportedInterfaceOrientations_iPad = "UIInterfaceOrientationLandscapeLeft UIInterfaceOrientationLandscapeRight";
				LD_RUNPATH_SEARCH_PATHS = (
					"$(inherited)",
					"@executable_path/Frameworks",
				);
				MARKETING_VERSION = 1.0;
				PRODUCT_BUNDLE_IDENTIFIER = com.kappanjoe.Project23;
				PRODUCT_NAME = "$(TARGET_NAME)";
				SUPPORTED_PLATFORMS = "iphoneos iphonesimulator";
				SUPPORTS_MACCATALYST = NO;
				SUPPORTS_MAC_DESIGNED_FOR_IPHONE_IPAD = NO;
				SWIFT_EMIT_LOC_STRINGS = YES;
				SWIFT_VERSION = 5.0;
				TARGETED_DEVICE_FAMILY = 2;
			};
			name = Release;
		};
/* End XCBuildConfiguration section */

/* Begin XCConfigurationList section */
		7C9D088528D44C6500B6B584 /* Build configuration list for PBXProject "Project23" */ = {
			isa = XCConfigurationList;
			buildConfigurations = (
				7C9D089F28D44C6600B6B584 /* Debug */,
				7C9D08A028D44C6600B6B584 /* Release */,
			);
			defaultConfigurationIsVisible = 0;
			defaultConfigurationName = Release;
		};
		7C9D08A128D44C6600B6B584 /* Build configuration list for PBXNativeTarget "Project23" */ = {
			isa = XCConfigurationList;
			buildConfigurations = (
				7C9D08A228D44C6600B6B584 /* Debug */,
				7C9D08A328D44C6600B6B584 /* Release */,
			);
			defaultConfigurationIsVisible = 0;
			defaultConfigurationName = Release;
		};
/* End XCConfigurationList section */
	};
	rootObject = 7C9D088228D44C6500B6B584 /* Project object */;
}
