// !$*UTF8*$!
{
	archiveVersion = 1;
	classes = {
	};
	objectVersion = 55;
	objects = {

/* Begin PBXBuildFile section */
		7CACDD9C28D0807300D4A7E9 /* AppDelegate.swift in Sources */ = {isa = PBXBuildFile; fileRef = 7CACDD9B28D0807300D4A7E9 /* AppDelegate.swift */; };
		7CACDD9E28D0807300D4A7E9 /* SceneDelegate.swift in Sources */ = {isa = PBXBuildFile; fileRef = 7CACDD9D28D0807300D4A7E9 /* SceneDelegate.swift */; };
		7CACDDA028D0807300D4A7E9 /* ViewController.swift in Sources */ = {isa = PBXBuildFile; fileRef = 7CACDD9F28D0807300D4A7E9 /* ViewController.swift */; };
		7CACDDA328D0807300D4A7E9 /* Main.storyboard in Resources */ = {isa = PBXBuildFile; fileRef = 7CACDDA128D0807300D4A7E9 /* Main.storyboard */; };
		7CACDDA528D0807500D4A7E9 /* Assets.xcassets in Resources */ = {isa = PBXBuildFile; fileRef = 7CACDDA428D0807500D4A7E9 /* Assets.xcassets */; };
		7CACDDA828D0807500D4A7E9 /* LaunchScreen.storyboard in Resources */ = {isa = PBXBuildFile; fileRef = 7CACDDA628D0807500D4A7E9 /* LaunchScreen.storyboard */; };
		7CACDDB628D0846700D4A7E9 /* UniformTypeIdentifiers.framework in Frameworks */ = {isa = PBXBuildFile; fileRef = 7CACDDB528D0846700D4A7E9 /* UniformTypeIdentifiers.framework */; };
		7CACDDB928D0846700D4A7E9 /* Media.xcassets in Resources */ = {isa = PBXBuildFile; fileRef = 7CACDDB828D0846700D4A7E9 /* Media.xcassets */; };
		7CACDDBB28D0846700D4A7E9 /* ActionViewController.swift in Sources */ = {isa = PBXBuildFile; fileRef = 7CACDDBA28D0846700D4A7E9 /* ActionViewController.swift */; };
		7CACDDBE28D0846700D4A7E9 /* MainInterface.storyboard in Resources */ = {isa = PBXBuildFile; fileRef = 7CACDDBC28D0846700D4A7E9 /* MainInterface.storyboard */; };
		7CACDDC228D0846700D4A7E9 /* Extension.appex in Embed App Extensions */ = {isa = PBXBuildFile; fileRef = 7CACDDB328D0846700D4A7E9 /* Extension.appex */; settings = {ATTRIBUTES = (RemoveHeadersOnCopy, ); }; };
		7CACDDC828D08AF100D4A7E9 /* Action.js in Resources */ = {isa = PBXBuildFile; fileRef = 7CACDDC728D08AF100D4A7E9 /* Action.js */; };
		7CACDDCD28D1B6C500D4A7E9 /* Script.swift in Sources */ = {isa = PBXBuildFile; fileRef = 7CACDDCC28D1B6C500D4A7E9 /* Script.swift */; };
		7CACDDCF28D21FBD00D4A7E9 /* ActionTableController.swift in Sources */ = {isa = PBXBuildFile; fileRef = 7CACDDCE28D21FBD00D4A7E9 /* ActionTableController.swift */; };
/* End PBXBuildFile section */

/* Begin PBXContainerItemProxy section */
		7CACDDC028D0846700D4A7E9 /* PBXContainerItemProxy */ = {
			isa = PBXContainerItemProxy;
			containerPortal = 7CACDD9028D0807300D4A7E9 /* Project object */;
			proxyType = 1;
			remoteGlobalIDString = 7CACDDB228D0846700D4A7E9;
			remoteInfo = Extension;
		};
/* End PBXContainerItemProxy section */

/* Begin PBXCopyFilesBuildPhase section */
		7CACDDC328D0846700D4A7E9 /* Embed App Extensions */ = {
			isa = PBXCopyFilesBuildPhase;
			buildActionMask = 2147483647;
			dstPath = "";
			dstSubfolderSpec = 13;
			files = (
				7CACDDC228D0846700D4A7E9 /* Extension.appex in Embed App Extensions */,
			);
			name = "Embed App Extensions";
			runOnlyForDeploymentPostprocessing = 0;
		};
/* End PBXCopyFilesBuildPhase section */

/* Begin PBXFileReference section */
		7CACDD9828D0807300D4A7E9 /* Project19.app */ = {isa = PBXFileReference; explicitFileType = wrapper.application; includeInIndex = 0; path = Project19.app; sourceTree = BUILT_PRODUCTS_DIR; };
		7CACDD9B28D0807300D4A7E9 /* AppDelegate.swift */ = {isa = PBXFileReference; lastKnownFileType = sourcecode.swift; path = AppDelegate.swift; sourceTree = "<group>"; };
		7CACDD9D28D0807300D4A7E9 /* SceneDelegate.swift */ = {isa = PBXFileReference; lastKnownFileType = sourcecode.swift; path = SceneDelegate.swift; sourceTree = "<group>"; };
		7CACDD9F28D0807300D4A7E9 /* ViewController.swift */ = {isa = PBXFileReference; lastKnownFileType = sourcecode.swift; path = ViewController.swift; sourceTree = "<group>"; };
		7CACDDA228D0807300D4A7E9 /* Base */ = {isa = PBXFileReference; lastKnownFileType = file.storyboard; name = Base; path = Base.lproj/Main.storyboard; sourceTree = "<group>"; };
		7CACDDA428D0807500D4A7E9 /* Assets.xcassets */ = {isa = PBXFileReference; lastKnownFileType = folder.assetcatalog; path = Assets.xcassets; sourceTree = "<group>"; };
		7CACDDA728D0807500D4A7E9 /* Base */ = {isa = PBXFileReference; lastKnownFileType = file.storyboard; name = Base; path = Base.lproj/LaunchScreen.storyboard; sourceTree = "<group>"; };
		7CACDDA928D0807500D4A7E9 /* Info.plist */ = {isa = PBXFileReference; lastKnownFileType = text.plist.xml; path = Info.plist; sourceTree = "<group>"; };
		7CACDDB328D0846700D4A7E9 /* Extension.appex */ = {isa = PBXFileReference; explicitFileType = "wrapper.app-extension"; includeInIndex = 0; path = Extension.appex; sourceTree = BUILT_PRODUCTS_DIR; };
		7CACDDB528D0846700D4A7E9 /* UniformTypeIdentifiers.framework */ = {isa = PBXFileReference; lastKnownFileType = wrapper.framework; name = UniformTypeIdentifiers.framework; path = System/Library/Frameworks/UniformTypeIdentifiers.framework; sourceTree = SDKROOT; };
		7CACDDB828D0846700D4A7E9 /* Media.xcassets */ = {isa = PBXFileReference; lastKnownFileType = folder.assetcatalog; path = Media.xcassets; sourceTree = "<group>"; };
		7CACDDBA28D0846700D4A7E9 /* ActionViewController.swift */ = {isa = PBXFileReference; lastKnownFileType = sourcecode.swift; path = ActionViewController.swift; sourceTree = "<group>"; };
		7CACDDBD28D0846700D4A7E9 /* Base */ = {isa = PBXFileReference; lastKnownFileType = file.storyboard; name = Base; path = Base.lproj/MainInterface.storyboard; sourceTree = "<group>"; };
		7CACDDBF28D0846700D4A7E9 /* Info.plist */ = {isa = PBXFileReference; lastKnownFileType = text.plist.xml; path = Info.plist; sourceTree = "<group>"; };
		7CACDDC728D08AF100D4A7E9 /* Action.js */ = {isa = PBXFileReference; lastKnownFileType = sourcecode.javascript; path = Action.js; sourceTree = "<group>"; };
		7CACDDCC28D1B6C500D4A7E9 /* Script.swift */ = {isa = PBXFileReference; lastKnownFileType = sourcecode.swift; path = Script.swift; sourceTree = "<group>"; };
		7CACDDCE28D21FBD00D4A7E9 /* ActionTableController.swift */ = {isa = PBXFileReference; lastKnownFileType = sourcecode.swift; path = ActionTableController.swift; sourceTree = "<group>"; };
/* End PBXFileReference section */

/* Begin PBXFrameworksBuildPhase section */
		7CACDD9528D0807300D4A7E9 /* Frameworks */ = {
			isa = PBXFrameworksBuildPhase;
			buildActionMask = 2147483647;
			files = (
			);
			runOnlyForDeploymentPostprocessing = 0;
		};
		7CACDDB028D0846700D4A7E9 /* Frameworks */ = {
			isa = PBXFrameworksBuildPhase;
			buildActionMask = 2147483647;
			files = (
				7CACDDB628D0846700D4A7E9 /* UniformTypeIdentifiers.framework in Frameworks */,
			);
			runOnlyForDeploymentPostprocessing = 0;
		};
/* End PBXFrameworksBuildPhase section */

/* Begin PBXGroup section */
		7CACDD8F28D0807300D4A7E9 = {
			isa = PBXGroup;
			children = (
				7CACDD9A28D0807300D4A7E9 /* Project19 */,
				7CACDDB728D0846700D4A7E9 /* Extension */,
				7CACDDB428D0846700D4A7E9 /* Frameworks */,
				7CACDD9928D0807300D4A7E9 /* Products */,
			);
			sourceTree = "<group>";
		};
		7CACDD9928D0807300D4A7E9 /* Products */ = {
			isa = PBXGroup;
			children = (
				7CACDD9828D0807300D4A7E9 /* Project19.app */,
				7CACDDB328D0846700D4A7E9 /* Extension.appex */,
			);
			name = Products;
			sourceTree = "<group>";
		};
		7CACDD9A28D0807300D4A7E9 /* Project19 */ = {
			isa = PBXGroup;
			children = (
				7CACDD9B28D0807300D4A7E9 /* AppDelegate.swift */,
				7CACDD9D28D0807300D4A7E9 /* SceneDelegate.swift */,
				7CACDD9F28D0807300D4A7E9 /* ViewController.swift */,
				7CACDDA128D0807300D4A7E9 /* Main.storyboard */,
				7CACDDA428D0807500D4A7E9 /* Assets.xcassets */,
				7CACDDA628D0807500D4A7E9 /* LaunchScreen.storyboard */,
				7CACDDA928D0807500D4A7E9 /* Info.plist */,
			);
			path = Project19;
			sourceTree = "<group>";
		};
		7CACDDB428D0846700D4A7E9 /* Frameworks */ = {
			isa = PBXGroup;
			children = (
				7CACDDB528D0846700D4A7E9 /* UniformTypeIdentifiers.framework */,
			);
			name = Frameworks;
			sourceTree = "<group>";
		};
		7CACDDB728D0846700D4A7E9 /* Extension */ = {
			isa = PBXGroup;
			children = (
				7CACDDB828D0846700D4A7E9 /* Media.xcassets */,
				7CACDDBA28D0846700D4A7E9 /* ActionViewController.swift */,
				7CACDDCE28D21FBD00D4A7E9 /* ActionTableController.swift */,
				7CACDDCC28D1B6C500D4A7E9 /* Script.swift */,
				7CACDDBC28D0846700D4A7E9 /* MainInterface.storyboard */,
				7CACDDBF28D0846700D4A7E9 /* Info.plist */,
				7CACDDC728D08AF100D4A7E9 /* Action.js */,
			);
			path = Extension;
			sourceTree = "<group>";
		};
/* End PBXGroup section */

/* Begin PBXNativeTarget section */
		7CACDD9728D0807300D4A7E9 /* Project19 */ = {
			isa = PBXNativeTarget;
			buildConfigurationList = 7CACDDAC28D0807500D4A7E9 /* Build configuration list for PBXNativeTarget "Project19" */;
			buildPhases = (
				7CACDD9428D0807300D4A7E9 /* Sources */,
				7CACDD9528D0807300D4A7E9 /* Frameworks */,
				7CACDD9628D0807300D4A7E9 /* Resources */,
				7CACDDC328D0846700D4A7E9 /* Embed App Extensions */,
			);
			buildRules = (
			);
			dependencies = (
				7CACDDC128D0846700D4A7E9 /* PBXTargetDependency */,
			);
			name = Project19;
			productName = Project19;
			productReference = 7CACDD9828D0807300D4A7E9 /* Project19.app */;
			productType = "com.apple.product-type.application";
		};
		7CACDDB228D0846700D4A7E9 /* Extension */ = {
			isa = PBXNativeTarget;
			buildConfigurationList = 7CACDDC628D0846700D4A7E9 /* Build configuration list for PBXNativeTarget "Extension" */;
			buildPhases = (
				7CACDDAF28D0846700D4A7E9 /* Sources */,
				7CACDDB028D0846700D4A7E9 /* Frameworks */,
				7CACDDB128D0846700D4A7E9 /* Resources */,
			);
			buildRules = (
			);
			dependencies = (
			);
			name = Extension;
			productName = Extension;
			productReference = 7CACDDB328D0846700D4A7E9 /* Extension.appex */;
			productType = "com.apple.product-type.app-extension";
		};
/* End PBXNativeTarget section */

/* Begin PBXProject section */
		7CACDD9028D0807300D4A7E9 /* Project object */ = {
			isa = PBXProject;
			attributes = {
				BuildIndependentTargetsInParallel = 1;
				LastSwiftUpdateCheck = 1340;
				LastUpgradeCheck = 1340;
				TargetAttributes = {
					7CACDD9728D0807300D4A7E9 = {
						CreatedOnToolsVersion = 13.4.1;
					};
					7CACDDB228D0846700D4A7E9 = {
						CreatedOnToolsVersion = 13.4.1;
					};
				};
			};
			buildConfigurationList = 7CACDD9328D0807300D4A7E9 /* Build configuration list for PBXProject "Project19" */;
			compatibilityVersion = "Xcode 13.0";
			developmentRegion = en;
			hasScannedForEncodings = 0;
			knownRegions = (
				en,
				Base,
			);
			mainGroup = 7CACDD8F28D0807300D4A7E9;
			productRefGroup = 7CACDD9928D0807300D4A7E9 /* Products */;
			projectDirPath = "";
			projectRoot = "";
			targets = (
				7CACDD9728D0807300D4A7E9 /* Project19 */,
				7CACDDB228D0846700D4A7E9 /* Extension */,
			);
		};
/* End PBXProject section */

/* Begin PBXResourcesBuildPhase section */
		7CACDD9628D0807300D4A7E9 /* Resources */ = {
			isa = PBXResourcesBuildPhase;
			buildActionMask = 2147483647;
			files = (
				7CACDDA828D0807500D4A7E9 /* LaunchScreen.storyboard in Resources */,
				7CACDDA528D0807500D4A7E9 /* Assets.xcassets in Resources */,
				7CACDDA328D0807300D4A7E9 /* Main.storyboard in Resources */,
			);
			runOnlyForDeploymentPostprocessing = 0;
		};
		7CACDDB128D0846700D4A7E9 /* Resources */ = {
			isa = PBXResourcesBuildPhase;
			buildActionMask = 2147483647;
			files = (
				7CACDDC828D08AF100D4A7E9 /* Action.js in Resources */,
				7CACDDB928D0846700D4A7E9 /* Media.xcassets in Resources */,
				7CACDDBE28D0846700D4A7E9 /* MainInterface.storyboard in Resources */,
			);
			runOnlyForDeploymentPostprocessing = 0;
		};
/* End PBXResourcesBuildPhase section */

/* Begin PBXSourcesBuildPhase section */
		7CACDD9428D0807300D4A7E9 /* Sources */ = {
			isa = PBXSourcesBuildPhase;
			buildActionMask = 2147483647;
			files = (
				7CACDDA028D0807300D4A7E9 /* ViewController.swift in Sources */,
				7CACDD9C28D0807300D4A7E9 /* AppDelegate.swift in Sources */,
				7CACDD9E28D0807300D4A7E9 /* SceneDelegate.swift in Sources */,
			);
			runOnlyForDeploymentPostprocessing = 0;
		};
		7CACDDAF28D0846700D4A7E9 /* Sources */ = {
			isa = PBXSourcesBuildPhase;
			buildActionMask = 2147483647;
			files = (
				7CACDDBB28D0846700D4A7E9 /* ActionViewController.swift in Sources */,
				7CACDDCF28D21FBD00D4A7E9 /* ActionTableController.swift in Sources */,
				7CACDDCD28D1B6C500D4A7E9 /* Script.swift in Sources */,
			);
			runOnlyForDeploymentPostprocessing = 0;
		};
/* End PBXSourcesBuildPhase section */

/* Begin PBXTargetDependency section */
		7CACDDC128D0846700D4A7E9 /* PBXTargetDependency */ = {
			isa = PBXTargetDependency;
			target = 7CACDDB228D0846700D4A7E9 /* Extension */;
			targetProxy = 7CACDDC028D0846700D4A7E9 /* PBXContainerItemProxy */;
		};
/* End PBXTargetDependency section */

/* Begin PBXVariantGroup section */
		7CACDDA128D0807300D4A7E9 /* Main.storyboard */ = {
			isa = PBXVariantGroup;
			children = (
				7CACDDA228D0807300D4A7E9 /* Base */,
			);
			name = Main.storyboard;
			sourceTree = "<group>";
		};
		7CACDDA628D0807500D4A7E9 /* LaunchScreen.storyboard */ = {
			isa = PBXVariantGroup;
			children = (
				7CACDDA728D0807500D4A7E9 /* Base */,
			);
			name = LaunchScreen.storyboard;
			sourceTree = "<group>";
		};
		7CACDDBC28D0846700D4A7E9 /* MainInterface.storyboard */ = {
			isa = PBXVariantGroup;
			children = (
				7CACDDBD28D0846700D4A7E9 /* Base */,
			);
			name = MainInterface.storyboard;
			sourceTree = "<group>";
		};
/* End PBXVariantGroup section */

/* Begin XCBuildConfiguration section */
		7CACDDAA28D0807500D4A7E9 /* Debug */ = {
			isa = XCBuildConfiguration;
			buildSettings = {
				ALWAYS_SEARCH_USER_PATHS = NO;
				CLANG_ANALYZER_NONNULL = YES;
				CLANG_ANALYZER_NUMBER_OBJECT_CONVERSION = YES_AGGRESSIVE;
				CLANG_CXX_LANGUAGE_STANDARD = "gnu++17";
				CLANG_ENABLE_MODULES = YES;
				CLANG_ENABLE_OBJC_ARC = YES;
				CLANG_ENABLE_OBJC_WEAK = YES;
				CLANG_WARN_BLOCK_CAPTURE_AUTORELEASING = YES;
				CLANG_WARN_BOOL_CONVERSION = YES;
				CLANG_WARN_COMMA = YES;
				CLANG_WARN_CONSTANT_CONVERSION = YES;
				CLANG_WARN_DEPRECATED_OBJC_IMPLEMENTATIONS = YES;
				CLANG_WARN_DIRECT_OBJC_ISA_USAGE = YES_ERROR;
				CLANG_WARN_DOCUMENTATION_COMMENTS = YES;
				CLANG_WARN_EMPTY_BODY = YES;
				CLANG_WARN_ENUM_CONVERSION = YES;
				CLANG_WARN_INFINITE_RECURSION = YES;
				CLANG_WARN_INT_CONVERSION = YES;
				CLANG_WARN_NON_LITERAL_NULL_CONVERSION = YES;
				CLANG_WARN_OBJC_IMPLICIT_RETAIN_SELF = YES;
				CLANG_WARN_OBJC_LITERAL_CONVERSION = YES;
				CLANG_WARN_OBJC_ROOT_CLASS = YES_ERROR;
				CLANG_WARN_QUOTED_INCLUDE_IN_FRAMEWORK_HEADER = YES;
				CLANG_WARN_RANGE_LOOP_ANALYSIS = YES;
				CLANG_WARN_STRICT_PROTOTYPES = YES;
				CLANG_WARN_SUSPICIOUS_MOVE = YES;
				CLANG_WARN_UNGUARDED_AVAILABILITY = YES_AGGRESSIVE;
				CLANG_WARN_UNREACHABLE_CODE = YES;
				CLANG_WARN__DUPLICATE_METHOD_MATCH = YES;
				COPY_PHASE_STRIP = NO;
				DEBUG_INFORMATION_FORMAT = dwarf;
				ENABLE_STRICT_OBJC_MSGSEND = YES;
				ENABLE_TESTABILITY = YES;
				GCC_C_LANGUAGE_STANDARD = gnu11;
				GCC_DYNAMIC_NO_PIC = NO;
				GCC_NO_COMMON_BLOCKS = YES;
				GCC_OPTIMIZATION_LEVEL = 0;
				GCC_PREPROCESSOR_DEFINITIONS = (
					"DEBUG=1",
					"$(inherited)",
				);
				GCC_WARN_64_TO_32_BIT_CONVERSION = YES;
				GCC_WARN_ABOUT_RETURN_TYPE = YES_ERROR;
				GCC_WARN_UNDECLARED_SELECTOR = YES;
				GCC_WARN_UNINITIALIZED_AUTOS = YES_AGGRESSIVE;
				GCC_WARN_UNUSED_FUNCTION = YES;
				GCC_WARN_UNUSED_VARIABLE = YES;
				IPHONEOS_DEPLOYMENT_TARGET = 15.5;
				MTL_ENABLE_DEBUG_INFO = INCLUDE_SOURCE;
				MTL_FAST_MATH = YES;
				ONLY_ACTIVE_ARCH = YES;
				SDKROOT = iphoneos;
				SWIFT_ACTIVE_COMPILATION_CONDITIONS = DEBUG;
				SWIFT_OPTIMIZATION_LEVEL = "-Onone";
			};
			name = Debug;
		};
		7CACDDAB28D0807500D4A7E9 /* Release */ = {
			isa = XCBuildConfiguration;
			buildSettings = {
				ALWAYS_SEARCH_USER_PATHS = NO;
				CLANG_ANALYZER_NONNULL = YES;
				CLANG_ANALYZER_NUMBER_OBJECT_CONVERSION = YES_AGGRESSIVE;
				CLANG_CXX_LANGUAGE_STANDARD = "gnu++17";
				CLANG_ENABLE_MODULES = YES;
				CLANG_ENABLE_OBJC_ARC = YES;
				CLANG_ENABLE_OBJC_WEAK = YES;
				CLANG_WARN_BLOCK_CAPTURE_AUTORELEASING = YES;
				CLANG_WARN_BOOL_CONVERSION = YES;
				CLANG_WARN_COMMA = YES;
				CLANG_WARN_CONSTANT_CONVERSION = YES;
				CLANG_WARN_DEPRECATED_OBJC_IMPLEMENTATIONS = YES;
				CLANG_WARN_DIRECT_OBJC_ISA_USAGE = YES_ERROR;
				CLANG_WARN_DOCUMENTATION_COMMENTS = YES;
				CLANG_WARN_EMPTY_BODY = YES;
				CLANG_WARN_ENUM_CONVERSION = YES;
				CLANG_WARN_INFINITE_RECURSION = YES;
				CLANG_WARN_INT_CONVERSION = YES;
				CLANG_WARN_NON_LITERAL_NULL_CONVERSION = YES;
				CLANG_WARN_OBJC_IMPLICIT_RETAIN_SELF = YES;
				CLANG_WARN_OBJC_LITERAL_CONVERSION = YES;
				CLANG_WARN_OBJC_ROOT_CLASS = YES_ERROR;
				CLANG_WARN_QUOTED_INCLUDE_IN_FRAMEWORK_HEADER = YES;
				CLANG_WARN_RANGE_LOOP_ANALYSIS = YES;
				CLANG_WARN_STRICT_PROTOTYPES = YES;
				CLANG_WARN_SUSPICIOUS_MOVE = YES;
				CLANG_WARN_UNGUARDED_AVAILABILITY = YES_AGGRESSIVE;
				CLANG_WARN_UNREACHABLE_CODE = YES;
				CLANG_WARN__DUPLICATE_METHOD_MATCH = YES;
				COPY_PHASE_STRIP = NO;
				DEBUG_INFORMATION_FORMAT = "dwarf-with-dsym";
				ENABLE_NS_ASSERTIONS = NO;
				ENABLE_STRICT_OBJC_MSGSEND = YES;
				GCC_C_LANGUAGE_STANDARD = gnu11;
				GCC_NO_COMMON_BLOCKS = YES;
				GCC_WARN_64_TO_32_BIT_CONVERSION = YES;
				GCC_WARN_ABOUT_RETURN_TYPE = YES_ERROR;
				GCC_WARN_UNDECLARED_SELECTOR = YES;
				GCC_WARN_UNINITIALIZED_AUTOS = YES_AGGRESSIVE;
				GCC_WARN_UNUSED_FUNCTION = YES;
				GCC_WARN_UNUSED_VARIABLE = YES;
				IPHONEOS_DEPLOYMENT_TARGET = 15.5;
				MTL_ENABLE_DEBUG_INFO = NO;
				MTL_FAST_MATH = YES;
				SDKROOT = iphoneos;
				SWIFT_COMPILATION_MODE = wholemodule;
				SWIFT_OPTIMIZATION_LEVEL = "-O";
				VALIDATE_PRODUCT = YES;
			};
			name = Release;
		};
		7CACDDAD28D0807500D4A7E9 /* Debug */ = {
			isa = XCBuildConfiguration;
			buildSettings = {
				ALWAYS_EMBED_SWIFT_STANDARD_LIBRARIES = YES;
				ASSETCATALOG_COMPILER_APPICON_NAME = AppIcon;
				ASSETCATALOG_COMPILER_GLOBAL_ACCENT_COLOR_NAME = AccentColor;
				CODE_SIGN_STYLE = Automatic;
				CURRENT_PROJECT_VERSION = 1;
				GENERATE_INFOPLIST_FILE = YES;
				INFOPLIST_FILE = Project19/Info.plist;
				INFOPLIST_KEY_UIApplicationSupportsIndirectInputEvents = YES;
				INFOPLIST_KEY_UILaunchStoryboardName = LaunchScreen;
				INFOPLIST_KEY_UIMainStoryboardFile = Main;
				INFOPLIST_KEY_UISupportedInterfaceOrientations_iPad = "UIInterfaceOrientationPortrait UIInterfaceOrientationPortraitUpsideDown UIInterfaceOrientationLandscapeLeft UIInterfaceOrientationLandscapeRight";
				INFOPLIST_KEY_UISupportedInterfaceOrientations_iPhone = "UIInterfaceOrientationPortrait UIInterfaceOrientationLandscapeLeft UIInterfaceOrientationLandscapeRight";
				LD_RUNPATH_SEARCH_PATHS = (
					"$(inherited)",
					"@executable_path/Frameworks",
				);
				MARKETING_VERSION = 1.0;
				PRODUCT_BUNDLE_IDENTIFIER = com.kappanjoe.Project19;
				PRODUCT_NAME = "$(TARGET_NAME)";
				SWIFT_EMIT_LOC_STRINGS = YES;
				SWIFT_VERSION = 5.0;
				TARGETED_DEVICE_FAMILY = "1,2";
			};
			name = Debug;
		};
		7CACDDAE28D0807500D4A7E9 /* Release */ = {
			isa = XCBuildConfiguration;
			buildSettings = {
				ALWAYS_EMBED_SWIFT_STANDARD_LIBRARIES = YES;
				ASSETCATALOG_COMPILER_APPICON_NAME = AppIcon;
				ASSETCATALOG_COMPILER_GLOBAL_ACCENT_COLOR_NAME = AccentColor;
				CODE_SIGN_STYLE = Automatic;
				CURRENT_PROJECT_VERSION = 1;
				GENERATE_INFOPLIST_FILE = YES;
				INFOPLIST_FILE = Project19/Info.plist;
				INFOPLIST_KEY_UIApplicationSupportsIndirectInputEvents = YES;
				INFOPLIST_KEY_UILaunchStoryboardName = LaunchScreen;
				INFOPLIST_KEY_UIMainStoryboardFile = Main;
				INFOPLIST_KEY_UISupportedInterfaceOrientations_iPad = "UIInterfaceOrientationPortrait UIInterfaceOrientationPortraitUpsideDown UIInterfaceOrientationLandscapeLeft UIInterfaceOrientationLandscapeRight";
				INFOPLIST_KEY_UISupportedInterfaceOrientations_iPhone = "UIInterfaceOrientationPortrait UIInterfaceOrientationLandscapeLeft UIInterfaceOrientationLandscapeRight";
				LD_RUNPATH_SEARCH_PATHS = (
					"$(inherited)",
					"@executable_path/Frameworks",
				);
				MARKETING_VERSION = 1.0;
				PRODUCT_BUNDLE_IDENTIFIER = com.kappanjoe.Project19;
				PRODUCT_NAME = "$(TARGET_NAME)";
				SWIFT_EMIT_LOC_STRINGS = YES;
				SWIFT_VERSION = 5.0;
				TARGETED_DEVICE_FAMILY = "1,2";
			};
			name = Release;
		};
		7CACDDC428D0846700D4A7E9 /* Debug */ = {
			isa = XCBuildConfiguration;
			buildSettings = {
				CODE_SIGN_STYLE = Automatic;
				CURRENT_PROJECT_VERSION = 1;
				GENERATE_INFOPLIST_FILE = YES;
				INFOPLIST_FILE = Extension/Info.plist;
				INFOPLIST_KEY_CFBundleDisplayName = Extension;
				INFOPLIST_KEY_NSHumanReadableCopyright = "";
				LD_RUNPATH_SEARCH_PATHS = (
					"$(inherited)",
					"@executable_path/Frameworks",
					"@executable_path/../../Frameworks",
				);
				MARKETING_VERSION = 1.0;
				PRODUCT_BUNDLE_IDENTIFIER = com.kappanjoe.Project19.Extension;
				PRODUCT_NAME = "$(TARGET_NAME)";
				SKIP_INSTALL = YES;
				SWIFT_EMIT_LOC_STRINGS = YES;
				SWIFT_VERSION = 5.0;
				TARGETED_DEVICE_FAMILY = "1,2";
			};
			name = Debug;
		};
		7CACDDC528D0846700D4A7E9 /* Release */ = {
			isa = XCBuildConfiguration;
			buildSettings = {
				CODE_SIGN_STYLE = Automatic;
				CURRENT_PROJECT_VERSION = 1;
				GENERATE_INFOPLIST_FILE = YES;
				INFOPLIST_FILE = Extension/Info.plist;
				INFOPLIST_KEY_CFBundleDisplayName = Extension;
				INFOPLIST_KEY_NSHumanReadableCopyright = "";
				LD_RUNPATH_SEARCH_PATHS = (
					"$(inherited)",
					"@executable_path/Frameworks",
					"@executable_path/../../Frameworks",
				);
				MARKETING_VERSION = 1.0;
				PRODUCT_BUNDLE_IDENTIFIER = com.kappanjoe.Project19.Extension;
				PRODUCT_NAME = "$(TARGET_NAME)";
				SKIP_INSTALL = YES;
				SWIFT_EMIT_LOC_STRINGS = YES;
				SWIFT_VERSION = 5.0;
				TARGETED_DEVICE_FAMILY = "1,2";
			};
			name = Release;
		};
/* End XCBuildConfiguration section */

/* Begin XCConfigurationList section */
		7CACDD9328D0807300D4A7E9 /* Build configuration list for PBXProject "Project19" */ = {
			isa = XCConfigurationList;
			buildConfigurations = (
				7CACDDAA28D0807500D4A7E9 /* Debug */,
				7CACDDAB28D0807500D4A7E9 /* Release */,
			);
			defaultConfigurationIsVisible = 0;
			defaultConfigurationName = Release;
		};
		7CACDDAC28D0807500D4A7E9 /* Build configuration list for PBXNativeTarget "Project19" */ = {
			isa = XCConfigurationList;
			buildConfigurations = (
				7CACDDAD28D0807500D4A7E9 /* Debug */,
				7CACDDAE28D0807500D4A7E9 /* Release */,
			);
			defaultConfigurationIsVisible = 0;
			defaultConfigurationName = Release;
		};
		7CACDDC628D0846700D4A7E9 /* Build configuration list for PBXNativeTarget "Extension" */ = {
			isa = XCConfigurationList;
			buildConfigurations = (
				7CACDDC428D0846700D4A7E9 /* Debug */,
				7CACDDC528D0846700D4A7E9 /* Release */,
			);
			defaultConfigurationIsVisible = 0;
			defaultConfigurationName = Release;
		};
/* End XCConfigurationList section */
	};
	rootObject = 7CACDD9028D0807300D4A7E9 /* Project object */;
}
